lockfileVersion: '9.0'
settings:
  autoInstallPeers: true
  excludeLinksFromLockfile: false
importers:
  .:
    devDependencies:
      '@typescript-eslint/eslint-plugin':
        specifier: ^6.21.0
        version: 6.21.0
      '@typescript-eslint/parser':
        specifier: ^6.21.0
        version: 6.21.0
      eslint:
        specifier: ^8.57.0
        version: 8.57.0
  apps/web:
    dependencies:
      '@cvsearch/config':
        specifier: workspace:*
        version: link:../../packages/config
      next:
        specifier: 14.2.5
        version: 14.2.5
      react:
        specifier: 18.3.1
        version: 18.3.1
      react-dom:
        specifier: 18.3.1
        version: 18.3.1
    devDependencies:
      '@types/node':
        specifier: 20.12.7
        version: 20.12.7
      '@types/react':
        specifier: 18.2.66
        version: 18.2.66
      '@types/react-dom':
        specifier: 18.2.22
        version: 18.2.22
      eslint:
        specifier: ^8.57.0
        version: 8.57.0
      eslint-config-next:
        specifier: 14.2.5
        version: 14.2.5
      typescript:
        specifier: ^5.4.5
        version: 5.4.5
      vitest:
        specifier: ^1.5.0
        version: 1.5.0
  apps/worker:
    dependencies:
      '@cvsearch/config':
        specifier: workspace:*
        version: link:../../packages/config
    devDependencies:
      '@types/node':
        specifier: 20.12.7
        version: 20.12.7
      eslint:
        specifier: ^8.57.0
        version: 8.57.0
      typescript:
        specifier: ^5.4.5
        version: 5.4.5
      vitest:
        specifier: ^1.5.0
        version: 1.5.0
  packages/config:
    dependencies:
      dotenv:
        specifier: ^16.4.5
        version: 16.4.5
      zod:
        specifier: ^3.22.4
        version: 3.22.4
    devDependencies:
      eslint:
        specifier: ^8.57.0
        version: 8.57.0
      tsup:
        specifier: ^7.2.0
        version: 7.2.0
      typescript:
        specifier: ^5.4.5
        version: 5.4.5
      vitest:
        specifier: ^1.5.0
        version: 1.5.0
packages: {}
